
Microsoft Visual Studio Solution File, Format Version 12.00
Project("{FAE04EC0-301F-11D3-BF4B-00C04F79EFBC}") = "cars-website-api", "cars-website-api.csproj", "{BF40278A-0551-4D19-A747-CDBAB05243BD}"
EndProject
Global
	GlobalSection(SolutionConfigurationPlatforms) = preSolution
		Debug|Any CPU = Debug|Any CPU
		Release|Any CPU = Release|Any CPU
	EndGlobalSection
	GlobalSection(ProjectConfigurationPlatforms) = postSolution
		{BF40278A-0551-4D19-A747-CDBAB05243BD}.Debug|Any CPU.ActiveCfg = Debug|Any CPU
		{BF40278A-0551-4D19-A747-CDBAB05243BD}.Debug|Any CPU.Build.0 = Debug|Any CPU
		{BF40278A-0551-4D19-A747-CDBAB05243BD}.Release|Any CPU.ActiveCfg = Release|Any CPU
		{BF40278A-0551-4D19-A747-CDBAB05243BD}.Release|Any CPU.Build.0 = Release|Any CPU
	EndGlobalSection
EndGlobal
